
Microsoft Visual Studio Solution File, Format Version 12.00
# Visual Studio Version 17
VisualStudioVersion = 17.7.34031.279
MinimumVisualStudioVersion = 10.0.40219.1
Project("{9A19103F-16F7-4668-BE54-9A1E7A4F7556}") = "BTE3GQ_HFT_2023241.Client", "Feleves\BTE3GQ_HFT_2023241.Client.csproj", "{727491E5-E8DB-4164-9EE2-861EA92534EF}"
EndProject
Project("{9A19103F-16F7-4668-BE54-9A1E7A4F7556}") = "BTE3GQ_HFT_2023241.Models", "BTE3GQ_HFT_2023241.Models\BTE3GQ_HFT_2023241.Models.csproj", "{7B8ACDA7-5436-4B98-9843-90A7365FB338}"
EndProject
Project("{9A19103F-16F7-4668-BE54-9A1E7A4F7556}") = "BTE3GQ_HFT_2023241.Logic", "BTE3GQ_HFT_2023241.Logic\BTE3GQ_HFT_2023241.Logic.csproj", "{42212BA0-D368-4E41-A602-7F0C5D6573E3}"
EndProject
Project("{9A19103F-16F7-4668-BE54-9A1E7A4F7556}") = "BTE3GQ_HFT_2023241.Repository", "BTE3GQ_HFT_2023241.Repository\BTE3GQ_HFT_2023241.Repository.csproj", "{6E840B0B-994D-448B-A3E6-C67370C7BF0A}"
EndProject
Project("{9A19103F-16F7-4668-BE54-9A1E7A4F7556}") = "BTE3GQ_HFT_2023241.Test", "BTE3GQ_HFT_2023241.Test\BTE3GQ_HFT_2023241.Test.csproj", "{A7CC7907-1EF8-4C5D-94C1-FE28542D54E9}"
EndProject
Project("{2150E333-8FDC-42A3-9474-1A3956D46DE8}") = "Backend", "Backend", "{D26A4D39-22DC-4E32-A717-C873DF717EBE}"
EndProject
Project("{2150E333-8FDC-42A3-9474-1A3956D46DE8}") = "Frontend", "Frontend", "{1F0DD5E5-833B-4CBD-ADC8-9972686A56FC}"
EndProject
Project("{2150E333-8FDC-42A3-9474-1A3956D46DE8}") = "Shared", "Shared", "{FDE449AD-57FE-4584-838D-01092BA6A6B0}"
EndProject
Project("{2150E333-8FDC-42A3-9474-1A3956D46DE8}") = "Others", "Others", "{2D284D5C-BA18-436E-8C93-8C491FFFCDCF}"
	ProjectSection(SolutionItems) = preProject
		.gitignore = .gitignore
	EndProjectSection
EndProject
Project("{FAE04EC0-301F-11D3-BF4B-00C04F79EFBC}") = "BTE3GQHFT_2023241.Endpoint", "BTE3GQHFT_2023241.Endpoint\BTE3GQHFT_2023241.Endpoint.csproj", "{8A841485-9CB8-4A5B-8400-6E047D59659F}"
EndProject
Global
	GlobalSection(SolutionConfigurationPlatforms) = preSolution
		Debug|Any CPU = Debug|Any CPU
		Release|Any CPU = Release|Any CPU
	EndGlobalSection
	GlobalSection(ProjectConfigurationPlatforms) = postSolution
		{727491E5-E8DB-4164-9EE2-861EA92534EF}.Debug|Any CPU.ActiveCfg = Debug|Any CPU
		{727491E5-E8DB-4164-9EE2-861EA92534EF}.Debug|Any CPU.Build.0 = Debug|Any CPU
		{727491E5-E8DB-4164-9EE2-861EA92534EF}.Release|Any CPU.ActiveCfg = Release|Any CPU
		{727491E5-E8DB-4164-9EE2-861EA92534EF}.Release|Any CPU.Build.0 = Release|Any CPU
		{7B8ACDA7-5436-4B98-9843-90A7365FB338}.Debug|Any CPU.ActiveCfg = Debug|Any CPU
		{7B8ACDA7-5436-4B98-9843-90A7365FB338}.Debug|Any CPU.Build.0 = Debug|Any CPU
		{7B8ACDA7-5436-4B98-9843-90A7365FB338}.Release|Any CPU.ActiveCfg = Release|Any CPU
		{7B8ACDA7-5436-4B98-9843-90A7365FB338}.Release|Any CPU.Build.0 = Release|Any CPU
		{42212BA0-D368-4E41-A602-7F0C5D6573E3}.Debug|Any CPU.ActiveCfg = Debug|Any CPU
		{42212BA0-D368-4E41-A602-7F0C5D6573E3}.Debug|Any CPU.Build.0 = Debug|Any CPU
		{42212BA0-D368-4E41-A602-7F0C5D6573E3}.Release|Any CPU.ActiveCfg = Release|Any CPU
		{42212BA0-D368-4E41-A602-7F0C5D6573E3}.Release|Any CPU.Build.0 = Release|Any CPU
		{6E840B0B-994D-448B-A3E6-C67370C7BF0A}.Debug|Any CPU.ActiveCfg = Debug|Any CPU
		{6E840B0B-994D-448B-A3E6-C67370C7BF0A}.Debug|Any CPU.Build.0 = Debug|Any CPU
		{6E840B0B-994D-448B-A3E6-C67370C7BF0A}.Release|Any CPU.ActiveCfg = Release|Any CPU
		{6E840B0B-994D-448B-A3E6-C67370C7BF0A}.Release|Any CPU.Build.0 = Release|Any CPU
		{A7CC7907-1EF8-4C5D-94C1-FE28542D54E9}.Debug|Any CPU.ActiveCfg = Debug|Any CPU
		{A7CC7907-1EF8-4C5D-94C1-FE28542D54E9}.Debug|Any CPU.Build.0 = Debug|Any CPU
		{A7CC7907-1EF8-4C5D-94C1-FE28542D54E9}.Release|Any CPU.ActiveCfg = Release|Any CPU
		{A7CC7907-1EF8-4C5D-94C1-FE28542D54E9}.Release|Any CPU.Build.0 = Release|Any CPU
		{8A841485-9CB8-4A5B-8400-6E047D59659F}.Debug|Any CPU.ActiveCfg = Debug|Any CPU
		{8A841485-9CB8-4A5B-8400-6E047D59659F}.Debug|Any CPU.Build.0 = Debug|Any CPU
		{8A841485-9CB8-4A5B-8400-6E047D59659F}.Release|Any CPU.ActiveCfg = Release|Any CPU
		{8A841485-9CB8-4A5B-8400-6E047D59659F}.Release|Any CPU.Build.0 = Release|Any CPU
	EndGlobalSection
	GlobalSection(SolutionProperties) = preSolution
		HideSolutionNode = FALSE
	EndGlobalSection
	GlobalSection(NestedProjects) = preSolution
		{727491E5-E8DB-4164-9EE2-861EA92534EF} = {1F0DD5E5-833B-4CBD-ADC8-9972686A56FC}
		{7B8ACDA7-5436-4B98-9843-90A7365FB338} = {FDE449AD-57FE-4584-838D-01092BA6A6B0}
		{42212BA0-D368-4E41-A602-7F0C5D6573E3} = {D26A4D39-22DC-4E32-A717-C873DF717EBE}
		{6E840B0B-994D-448B-A3E6-C67370C7BF0A} = {D26A4D39-22DC-4E32-A717-C873DF717EBE}
		{A7CC7907-1EF8-4C5D-94C1-FE28542D54E9} = {D26A4D39-22DC-4E32-A717-C873DF717EBE}
		{8A841485-9CB8-4A5B-8400-6E047D59659F} = {D26A4D39-22DC-4E32-A717-C873DF717EBE}
	EndGlobalSection
	GlobalSection(ExtensibilityGlobals) = postSolution
		SolutionGuid = {49C52F41-AF21-4CB0-BE7D-FA083A9089A6}
	EndGlobalSection
EndGlobal
